--- 
dependencies: 
  addressable: 
    group: 
    - :default
    version: ">= 0"
  newgem: 
    group: 
    - :development
    version: ">= 0"
  rspec: 
    group: 
    - :test
    version: ">= 0"
  hoe: 
    group: 
    - :development
    version: ">= 0"
  webmock: 
    group: 
    - :test
    version: ">= 0"
  nokogiri: 
    group: 
    - :default
    version: ">= 0"
specs: 
- rake: 
    version: 0.8.7
- RedCloth: 
    version: 4.2.3
- activesupport: 
    version: 2.3.5
- addressable: 
    version: 2.1.1
    source: 0
- json_pure: 
    version: 1.2.4
- rubyforge: 
    version: 2.0.4
- hoe: 
    version: 2.6.0
- rubigen: 
    version: 1.5.4
- syntax: 
    version: 1.0.0
- newgem: 
    version: 1.5.3
- nokogiri: 
    version: 1.4.1
- rspec: 
    version: 1.3.0
- webmock: 
    version: 1.0.0
hash: 4aa2ca72b10dd3448bc1fc53ece5c4adf4b78733
sources: 
- Git: 
    uri: git://github.com/sporkmonger/addressable.git
    git: git://github.com/sporkmonger/addressable.git
    ref: ee4c453d689003e84f4d28b357118b5632312e19
- Rubygems: 
    uri: http://rubygems.org
